
Microsoft Visual Studio Solution File, Format Version 12.00
# Visual Studio Version 16
VisualStudioVersion = 16.0.31702.278
MinimumVisualStudioVersion = 10.0.40219.1
Project("{FAE04EC0-301F-11D3-BF4B-00C04F79EFBC}") = "wep_ban_hang", "wep_ban_hang\wep_ban_hang.csproj", "{23AEACC6-B7EC-4D09-A601-C0F7494AF85A}"
EndProject
Global
	GlobalSection(SolutionConfigurationPlatforms) = preSolution
		Debug|Any CPU = Debug|Any CPU
		Release|Any CPU = Release|Any CPU
	EndGlobalSection
	GlobalSection(ProjectConfigurationPlatforms) = postSolution
		{23AEACC6-B7EC-4D09-A601-C0F7494AF85A}.Debug|Any CPU.ActiveCfg = Debug|Any CPU
		{23AEACC6-B7EC-4D09-A601-C0F7494AF85A}.Debug|Any CPU.Build.0 = Debug|Any CPU
		{23AEACC6-B7EC-4D09-A601-C0F7494AF85A}.Release|Any CPU.ActiveCfg = Release|Any CPU
		{23AEACC6-B7EC-4D09-A601-C0F7494AF85A}.Release|Any CPU.Build.0 = Release|Any CPU
	EndGlobalSection
	GlobalSection(SolutionProperties) = preSolution
		HideSolutionNode = FALSE
	EndGlobalSection
	GlobalSection(ExtensibilityGlobals) = postSolution
		SolutionGuid = {054AAD26-35EE-4136-BD2E-48C9C65D3DD3}
	EndGlobalSection
EndGlobal
